// !$*UTF8*$!
{
	archiveVersion = 1;
	classes = {
	};
	objectVersion = 50;
	objects = {

/* Begin PBXBuildFile section */
		45861ACA21080C9900DE27A8 /* CounterView.xib in Resources */ = {isa = PBXBuildFile; fileRef = 45861AC921080C9900DE27A8 /* CounterView.xib */; };
		45861ACE2108115100DE27A8 /* CounterView.swift in Sources */ = {isa = PBXBuildFile; fileRef = 45861ACD2108115100DE27A8 /* CounterView.swift */; };
		458F54732106BAD5005B625B /* AppDelegate.swift in Sources */ = {isa = PBXBuildFile; fileRef = 458F54722106BAD5005B625B /* AppDelegate.swift */; };
		458F547A2106BAD6005B625B /* Main.storyboard in Resources */ = {isa = PBXBuildFile; fileRef = 458F54782106BAD6005B625B /* Main.storyboard */; };
		458F547C2106BAD8005B625B /* Assets.xcassets in Resources */ = {isa = PBXBuildFile; fileRef = 458F547B2106BAD8005B625B /* Assets.xcassets */; };
		458F547F2106BAD8005B625B /* LaunchScreen.storyboard in Resources */ = {isa = PBXBuildFile; fileRef = 458F547D2106BAD8005B625B /* LaunchScreen.storyboard */; };
		458F54872106BEF5005B625B /* TableViewController.swift in Sources */ = {isa = PBXBuildFile; fileRef = 458F54862106BEF5005B625B /* TableViewController.swift */; };
		459F35382108279C00BD68B1 /* TwoLabels.swift in Sources */ = {isa = PBXBuildFile; fileRef = 459F35372108279C00BD68B1 /* TwoLabels.swift */; };
		459F353A21082F5500BD68B1 /* SquaresView.swift in Sources */ = {isa = PBXBuildFile; fileRef = 459F353921082F5500BD68B1 /* SquaresView.swift */; };
		459F353C21086AE400BD68B1 /* ProgressView.swift in Sources */ = {isa = PBXBuildFile; fileRef = 459F353B21086AE400BD68B1 /* ProgressView.swift */; };
/* End PBXBuildFile section */

/* Begin PBXFileReference section */
		45861AC921080C9900DE27A8 /* CounterView.xib */ = {isa = PBXFileReference; lastKnownFileType = file.xib; path = CounterView.xib; sourceTree = "<group>"; };
		45861ACD2108115100DE27A8 /* CounterView.swift */ = {isa = PBXFileReference; lastKnownFileType = sourcecode.swift; path = CounterView.swift; sourceTree = "<group>"; };
		458F546F2106BAD5005B625B /* CustomView.app */ = {isa = PBXFileReference; explicitFileType = wrapper.application; includeInIndex = 0; path = CustomView.app; sourceTree = BUILT_PRODUCTS_DIR; };
		458F54722106BAD5005B625B /* AppDelegate.swift */ = {isa = PBXFileReference; lastKnownFileType = sourcecode.swift; path = AppDelegate.swift; sourceTree = "<group>"; };
		458F54792106BAD6005B625B /* Base */ = {isa = PBXFileReference; lastKnownFileType = file.storyboard; name = Base; path = Base.lproj/Main.storyboard; sourceTree = "<group>"; };
		458F547B2106BAD8005B625B /* Assets.xcassets */ = {isa = PBXFileReference; lastKnownFileType = folder.assetcatalog; path = Assets.xcassets; sourceTree = "<group>"; };
		458F547E2106BAD8005B625B /* Base */ = {isa = PBXFileReference; lastKnownFileType = file.storyboard; name = Base; path = Base.lproj/LaunchScreen.storyboard; sourceTree = "<group>"; };
		458F54802106BAD8005B625B /* Info.plist */ = {isa = PBXFileReference; lastKnownFileType = text.plist.xml; path = Info.plist; sourceTree = "<group>"; };
		458F54862106BEF5005B625B /* TableViewController.swift */ = {isa = PBXFileReference; lastKnownFileType = sourcecode.swift; path = TableViewController.swift; sourceTree = "<group>"; };
		459F35372108279C00BD68B1 /* TwoLabels.swift */ = {isa = PBXFileReference; lastKnownFileType = sourcecode.swift; path = TwoLabels.swift; sourceTree = "<group>"; };
		459F353921082F5500BD68B1 /* SquaresView.swift */ = {isa = PBXFileReference; lastKnownFileType = sourcecode.swift; path = SquaresView.swift; sourceTree = "<group>"; };
		459F353B21086AE400BD68B1 /* ProgressView.swift */ = {isa = PBXFileReference; lastKnownFileType = sourcecode.swift; path = ProgressView.swift; sourceTree = "<group>"; };
/* End PBXFileReference section */

/* Begin PBXFrameworksBuildPhase section */
		458F546C2106BAD5005B625B /* Frameworks */ = {
			isa = PBXFrameworksBuildPhase;
			buildActionMask = 2147483647;
			files = (
			);
			runOnlyForDeploymentPostprocessing = 0;
		};
/* End PBXFrameworksBuildPhase section */

/* Begin PBXGroup section */
		458F54662106BAD5005B625B = {
			isa = PBXGroup;
			children = (
				458F54712106BAD5005B625B /* CustomView */,
				458F54702106BAD5005B625B /* Products */,
			);
			sourceTree = "<group>";
		};
		458F54702106BAD5005B625B /* Products */ = {
			isa = PBXGroup;
			children = (
				458F546F2106BAD5005B625B /* CustomView.app */,
			);
			name = Products;
			sourceTree = "<group>";
		};
		458F54712106BAD5005B625B /* CustomView */ = {
			isa = PBXGroup;
			children = (
				458F54722106BAD5005B625B /* AppDelegate.swift */,
				458F54862106BEF5005B625B /* TableViewController.swift */,
				45861ACD2108115100DE27A8 /* CounterView.swift */,
				459F35372108279C00BD68B1 /* TwoLabels.swift */,
				459F353921082F5500BD68B1 /* SquaresView.swift */,
				459F353B21086AE400BD68B1 /* ProgressView.swift */,
				45861AC921080C9900DE27A8 /* CounterView.xib */,
				458F54782106BAD6005B625B /* Main.storyboard */,
				458F547B2106BAD8005B625B /* Assets.xcassets */,
				458F547D2106BAD8005B625B /* LaunchScreen.storyboard */,
				458F54802106BAD8005B625B /* Info.plist */,
			);
			path = CustomView;
			sourceTree = "<group>";
		};
/* End PBXGroup section */

/* Begin PBXNativeTarget section */
		458F546E2106BAD5005B625B /* CustomView */ = {
			isa = PBXNativeTarget;
			buildConfigurationList = 458F54832106BAD8005B625B /* Build configuration list for PBXNativeTarget "CustomView" */;
			buildPhases = (
				458F546B2106BAD5005B625B /* Sources */,
				458F546C2106BAD5005B625B /* Frameworks */,
				458F546D2106BAD5005B625B /* Resources */,
			);
			buildRules = (
			);
			dependencies = (
			);
			name = CustomView;
			productName = CustomView;
			productReference = 458F546F2106BAD5005B625B /* CustomView.app */;
			productType = "com.apple.product-type.application";
		};
/* End PBXNativeTarget section */

/* Begin PBXProject section */
		458F54672106BAD5005B625B /* Project object */ = {
			isa = PBXProject;
			attributes = {
				LastSwiftUpdateCheck = 0940;
				LastUpgradeCheck = 0940;
				ORGANIZATIONNAME = east;
				TargetAttributes = {
					458F546E2106BAD5005B625B = {
						CreatedOnToolsVersion = 9.4.1;
					};
				};
			};
			buildConfigurationList = 458F546A2106BAD5005B625B /* Build configuration list for PBXProject "CustomView" */;
			compatibilityVersion = "Xcode 9.3";
			developmentRegion = en;
			hasScannedForEncodings = 0;
			knownRegions = (
				en,
				Base,
			);
			mainGroup = 458F54662106BAD5005B625B;
			productRefGroup = 458F54702106BAD5005B625B /* Products */;
			projectDirPath = "";
			projectRoot = "";
			targets = (
				458F546E2106BAD5005B625B /* CustomView */,
			);
		};
/* End PBXProject section */

/* Begin PBXResourcesBuildPhase section */
		458F546D2106BAD5005B625B /* Resources */ = {
			isa = PBXResourcesBuildPhase;
			buildActionMask = 2147483647;
			files = (
				458F547F2106BAD8005B625B /* LaunchScreen.storyboard in Resources */,
				458F547C2106BAD8005B625B /* Assets.xcassets in Resources */,
				458F547A2106BAD6005B625B /* Main.storyboard in Resources */,
				45861ACA21080C9900DE27A8 /* CounterView.xib in Resources */,
			);
			runOnlyForDeploymentPostprocessing = 0;
		};
/* End PBXResourcesBuildPhase section */

/* Begin PBXSourcesBuildPhase section */
		458F546B2106BAD5005B625B /* Sources */ = {
			isa = PBXSourcesBuildPhase;
			buildActionMask = 2147483647;
			files = (
				458F54732106BAD5005B625B /* AppDelegate.swift in Sources */,
				458F54872106BEF5005B625B /* TableViewController.swift in Sources */,
				45861ACE2108115100DE27A8 /* CounterView.swift in Sources */,
				459F35382108279C00BD68B1 /* TwoLabels.swift in Sources */,
				459F353A21082F5500BD68B1 /* SquaresView.swift in Sources */,
				459F353C21086AE400BD68B1 /* ProgressView.swift in Sources */,
			);
			runOnlyForDeploymentPostprocessing = 0;
		};
/* End PBXSourcesBuildPhase section */

/* Begin PBXVariantGroup section */
		458F54782106BAD6005B625B /* Main.storyboard */ = {
			isa = PBXVariantGroup;
			children = (
				458F54792106BAD6005B625B /* Base */,
			);
			name = Main.storyboard;
			sourceTree = "<group>";
		};
		458F547D2106BAD8005B625B /* LaunchScreen.storyboard */ = {
			isa = PBXVariantGroup;
			children = (
				458F547E2106BAD8005B625B /* Base */,
			);
			name = LaunchScreen.storyboard;
			sourceTree = "<group>";
		};
/* End PBXVariantGroup section */

/* Begin XCBuildConfiguration section */
		458F54812106BAD8005B625B /* Debug */ = {
			isa = XCBuildConfiguration;
			buildSettings = {
				ALWAYS_SEARCH_USER_PATHS = NO;
				CLANG_ANALYZER_NONNULL = YES;
				CLANG_ANALYZER_NUMBER_OBJECT_CONVERSION = YES_AGGRESSIVE;
				CLANG_CXX_LANGUAGE_STANDARD = "gnu++14";
				CLANG_CXX_LIBRARY = "libc++";
				CLANG_ENABLE_MODULES = YES;
				CLANG_ENABLE_OBJC_ARC = YES;
				CLANG_ENABLE_OBJC_WEAK = YES;
				CLANG_WARN_BLOCK_CAPTURE_AUTORELEASING = YES;
				CLANG_WARN_BOOL_CONVERSION = YES;
				CLANG_WARN_COMMA = YES;
				CLANG_WARN_CONSTANT_CONVERSION = YES;
				CLANG_WARN_DEPRECATED_OBJC_IMPLEMENTATIONS = YES;
				CLANG_WARN_DIRECT_OBJC_ISA_USAGE = YES_ERROR;
				CLANG_WARN_DOCUMENTATION_COMMENTS = YES;
				CLANG_WARN_EMPTY_BODY = YES;
				CLANG_WARN_ENUM_CONVERSION = YES;
				CLANG_WARN_INFINITE_RECURSION = YES;
				CLANG_WARN_INT_CONVERSION = YES;
				CLANG_WARN_NON_LITERAL_NULL_CONVERSION = YES;
				CLANG_WARN_OBJC_IMPLICIT_RETAIN_SELF = YES;
				CLANG_WARN_OBJC_LITERAL_CONVERSION = YES;
				CLANG_WARN_OBJC_ROOT_CLASS = YES_ERROR;
				CLANG_WARN_RANGE_LOOP_ANALYSIS = YES;
				CLANG_WARN_STRICT_PROTOTYPES = YES;
				CLANG_WARN_SUSPICIOUS_MOVE = YES;
				CLANG_WARN_UNGUARDED_AVAILABILITY = YES_AGGRESSIVE;
				CLANG_WARN_UNREACHABLE_CODE = YES;
				CLANG_WARN__DUPLICATE_METHOD_MATCH = YES;
				CODE_SIGN_IDENTITY = "iPhone Developer";
				COPY_PHASE_STRIP = NO;
				DEBUG_INFORMATION_FORMAT = dwarf;
				ENABLE_STRICT_OBJC_MSGSEND = YES;
				ENABLE_TESTABILITY = YES;
				GCC_C_LANGUAGE_STANDARD = gnu11;
				GCC_DYNAMIC_NO_PIC = NO;
				GCC_NO_COMMON_BLOCKS = YES;
				GCC_OPTIMIZATION_LEVEL = 0;
				GCC_PREPROCESSOR_DEFINITIONS = (
					"DEBUG=1",
					"$(inherited)",
				);
				GCC_WARN_64_TO_32_BIT_CONVERSION = YES;
				GCC_WARN_ABOUT_RETURN_TYPE = YES_ERROR;
				GCC_WARN_UNDECLARED_SELECTOR = YES;
				GCC_WARN_UNINITIALIZED_AUTOS = YES_AGGRESSIVE;
				GCC_WARN_UNUSED_FUNCTION = YES;
				GCC_WARN_UNUSED_VARIABLE = YES;
				IPHONEOS_DEPLOYMENT_TARGET = 11.4;
				MTL_ENABLE_DEBUG_INFO = YES;
				ONLY_ACTIVE_ARCH = YES;
				SDKROOT = iphoneos;
				SWIFT_ACTIVE_COMPILATION_CONDITIONS = DEBUG;
				SWIFT_OPTIMIZATION_LEVEL = "-Onone";
			};
			name = Debug;
		};
		458F54822106BAD8005B625B /* Release */ = {
			isa = XCBuildConfiguration;
			buildSettings = {
				ALWAYS_SEARCH_USER_PATHS = NO;
				CLANG_ANALYZER_NONNULL = YES;
				CLANG_ANALYZER_NUMBER_OBJECT_CONVERSION = YES_AGGRESSIVE;
				CLANG_CXX_LANGUAGE_STANDARD = "gnu++14";
				CLANG_CXX_LIBRARY = "libc++";
				CLANG_ENABLE_MODULES = YES;
				CLANG_ENABLE_OBJC_ARC = YES;
				CLANG_ENABLE_OBJC_WEAK = YES;
				CLANG_WARN_BLOCK_CAPTURE_AUTORELEASING = YES;
				CLANG_WARN_BOOL_CONVERSION = YES;
				CLANG_WARN_COMMA = YES;
				CLANG_WARN_CONSTANT_CONVERSION = YES;
				CLANG_WARN_DEPRECATED_OBJC_IMPLEMENTATIONS = YES;
				CLANG_WARN_DIRECT_OBJC_ISA_USAGE = YES_ERROR;
				CLANG_WARN_DOCUMENTATION_COMMENTS = YES;
				CLANG_WARN_EMPTY_BODY = YES;
				CLANG_WARN_ENUM_CONVERSION = YES;
				CLANG_WARN_INFINITE_RECURSION = YES;
				CLANG_WARN_INT_CONVERSION = YES;
				CLANG_WARN_NON_LITERAL_NULL_CONVERSION = YES;
				CLANG_WARN_OBJC_IMPLICIT_RETAIN_SELF = YES;
				CLANG_WARN_OBJC_LITERAL_CONVERSION = YES;
				CLANG_WARN_OBJC_ROOT_CLASS = YES_ERROR;
				CLANG_WARN_RANGE_LOOP_ANALYSIS = YES;
				CLANG_WARN_STRICT_PROTOTYPES = YES;
				CLANG_WARN_SUSPICIOUS_MOVE = YES;
				CLANG_WARN_UNGUARDED_AVAILABILITY = YES_AGGRESSIVE;
				CLANG_WARN_UNREACHABLE_CODE = YES;
				CLANG_WARN__DUPLICATE_METHOD_MATCH = YES;
				CODE_SIGN_IDENTITY = "iPhone Developer";
				COPY_PHASE_STRIP = NO;
				DEBUG_INFORMATION_FORMAT = "dwarf-with-dsym";
				ENABLE_NS_ASSERTIONS = NO;
				ENABLE_STRICT_OBJC_MSGSEND = YES;
				GCC_C_LANGUAGE_STANDARD = gnu11;
				GCC_NO_COMMON_BLOCKS = YES;
				GCC_WARN_64_TO_32_BIT_CONVERSION = YES;
				GCC_WARN_ABOUT_RETURN_TYPE = YES_ERROR;
				GCC_WARN_UNDECLARED_SELECTOR = YES;
				GCC_WARN_UNINITIALIZED_AUTOS = YES_AGGRESSIVE;
				GCC_WARN_UNUSED_FUNCTION = YES;
				GCC_WARN_UNUSED_VARIABLE = YES;
				IPHONEOS_DEPLOYMENT_TARGET = 11.4;
				MTL_ENABLE_DEBUG_INFO = NO;
				SDKROOT = iphoneos;
				SWIFT_COMPILATION_MODE = wholemodule;
				SWIFT_OPTIMIZATION_LEVEL = "-O";
				VALIDATE_PRODUCT = YES;
			};
			name = Release;
		};
		458F54842106BAD8005B625B /* Debug */ = {
			isa = XCBuildConfiguration;
			buildSettings = {
				ASSETCATALOG_COMPILER_APPICON_NAME = AppIcon;
				CODE_SIGN_STYLE = Automatic;
				DEVELOPMENT_TEAM = "";
				INFOPLIST_FILE = CustomView/Info.plist;
				LD_RUNPATH_SEARCH_PATHS = (
					"$(inherited)",
					"@executable_path/Frameworks",
				);
				PRODUCT_BUNDLE_IDENTIFIER = com.east.CustomView;
				PRODUCT_NAME = "$(TARGET_NAME)";
				SWIFT_VERSION = 4.0;
				TARGETED_DEVICE_FAMILY = "1,2";
			};
			name = Debug;
		};
		458F54852106BAD8005B625B /* Release */ = {
			isa = XCBuildConfiguration;
			buildSettings = {
				ASSETCATALOG_COMPILER_APPICON_NAME = AppIcon;
				CODE_SIGN_STYLE = Automatic;
				DEVELOPMENT_TEAM = "";
				INFOPLIST_FILE = CustomView/Info.plist;
				LD_RUNPATH_SEARCH_PATHS = (
					"$(inherited)",
					"@executable_path/Frameworks",
				);
				PRODUCT_BUNDLE_IDENTIFIER = com.east.CustomView;
				PRODUCT_NAME = "$(TARGET_NAME)";
				SWIFT_VERSION = 4.0;
				TARGETED_DEVICE_FAMILY = "1,2";
			};
			name = Release;
		};
/* End XCBuildConfiguration section */

/* Begin XCConfigurationList section */
		458F546A2106BAD5005B625B /* Build configuration list for PBXProject "CustomView" */ = {
			isa = XCConfigurationList;
			buildConfigurations = (
				458F54812106BAD8005B625B /* Debug */,
				458F54822106BAD8005B625B /* Release */,
			);
			defaultConfigurationIsVisible = 0;
			defaultConfigurationName = Release;
		};
		458F54832106BAD8005B625B /* Build configuration list for PBXNativeTarget "CustomView" */ = {
			isa = XCConfigurationList;
			buildConfigurations = (
				458F54842106BAD8005B625B /* Debug */,
				458F54852106BAD8005B625B /* Release */,
			);
			defaultConfigurationIsVisible = 0;
			defaultConfigurationName = Release;
		};
/* End XCConfigurationList section */
	};
	rootObject = 458F54672106BAD5005B625B /* Project object */;
}
