// !$*UTF8*$!
{
	archiveVersion = 1;
	classes = {
	};
	objectVersion = 50;
	objects = {

/* Begin PBXBuildFile section */
		45CCF4B821059F5900B63997 /* AppDelegate.swift in Sources */ = {isa = PBXBuildFile; fileRef = 45CCF4B721059F5900B63997 /* AppDelegate.swift */; };
		45CCF4BA21059F5900B63997 /* MasterViewController.swift in Sources */ = {isa = PBXBuildFile; fileRef = 45CCF4B921059F5900B63997 /* MasterViewController.swift */; };
		45CCF4BC21059F5900B63997 /* DetailViewController.swift in Sources */ = {isa = PBXBuildFile; fileRef = 45CCF4BB21059F5900B63997 /* DetailViewController.swift */; };
		45CCF4BF21059F5900B63997 /* Main.storyboard in Resources */ = {isa = PBXBuildFile; fileRef = 45CCF4BD21059F5900B63997 /* Main.storyboard */; };
		45CCF4C121059F5A00B63997 /* Assets.xcassets in Resources */ = {isa = PBXBuildFile; fileRef = 45CCF4C021059F5A00B63997 /* Assets.xcassets */; };
		45CCF4C421059F5A00B63997 /* LaunchScreen.storyboard in Resources */ = {isa = PBXBuildFile; fileRef = 45CCF4C221059F5A00B63997 /* LaunchScreen.storyboard */; };
		45CCF4CF21059F5A00B63997 /* MasterDetailTests.swift in Sources */ = {isa = PBXBuildFile; fileRef = 45CCF4CE21059F5A00B63997 /* MasterDetailTests.swift */; };
		45CCF4DA21059F5B00B63997 /* MasterDetailUITests.swift in Sources */ = {isa = PBXBuildFile; fileRef = 45CCF4D921059F5B00B63997 /* MasterDetailUITests.swift */; };
/* End PBXBuildFile section */

/* Begin PBXContainerItemProxy section */
		45CCF4CB21059F5A00B63997 /* PBXContainerItemProxy */ = {
			isa = PBXContainerItemProxy;
			containerPortal = 45CCF4AC21059F5900B63997 /* Project object */;
			proxyType = 1;
			remoteGlobalIDString = 45CCF4B321059F5900B63997;
			remoteInfo = MasterDetail;
		};
		45CCF4D621059F5B00B63997 /* PBXContainerItemProxy */ = {
			isa = PBXContainerItemProxy;
			containerPortal = 45CCF4AC21059F5900B63997 /* Project object */;
			proxyType = 1;
			remoteGlobalIDString = 45CCF4B321059F5900B63997;
			remoteInfo = MasterDetail;
		};
/* End PBXContainerItemProxy section */

/* Begin PBXFileReference section */
		45CCF4B421059F5900B63997 /* MasterDetail.app */ = {isa = PBXFileReference; explicitFileType = wrapper.application; includeInIndex = 0; path = MasterDetail.app; sourceTree = BUILT_PRODUCTS_DIR; };
		45CCF4B721059F5900B63997 /* AppDelegate.swift */ = {isa = PBXFileReference; lastKnownFileType = sourcecode.swift; path = AppDelegate.swift; sourceTree = "<group>"; };
		45CCF4B921059F5900B63997 /* MasterViewController.swift */ = {isa = PBXFileReference; lastKnownFileType = sourcecode.swift; path = MasterViewController.swift; sourceTree = "<group>"; };
		45CCF4BB21059F5900B63997 /* DetailViewController.swift */ = {isa = PBXFileReference; lastKnownFileType = sourcecode.swift; path = DetailViewController.swift; sourceTree = "<group>"; };
		45CCF4BE21059F5900B63997 /* Base */ = {isa = PBXFileReference; lastKnownFileType = file.storyboard; name = Base; path = Base.lproj/Main.storyboard; sourceTree = "<group>"; };
		45CCF4C021059F5A00B63997 /* Assets.xcassets */ = {isa = PBXFileReference; lastKnownFileType = folder.assetcatalog; path = Assets.xcassets; sourceTree = "<group>"; };
		45CCF4C321059F5A00B63997 /* Base */ = {isa = PBXFileReference; lastKnownFileType = file.storyboard; name = Base; path = Base.lproj/LaunchScreen.storyboard; sourceTree = "<group>"; };
		45CCF4C521059F5A00B63997 /* Info.plist */ = {isa = PBXFileReference; lastKnownFileType = text.plist.xml; path = Info.plist; sourceTree = "<group>"; };
		45CCF4CA21059F5A00B63997 /* MasterDetailTests.xctest */ = {isa = PBXFileReference; explicitFileType = wrapper.cfbundle; includeInIndex = 0; path = MasterDetailTests.xctest; sourceTree = BUILT_PRODUCTS_DIR; };
		45CCF4CE21059F5A00B63997 /* MasterDetailTests.swift */ = {isa = PBXFileReference; lastKnownFileType = sourcecode.swift; path = MasterDetailTests.swift; sourceTree = "<group>"; };
		45CCF4D021059F5A00B63997 /* Info.plist */ = {isa = PBXFileReference; lastKnownFileType = text.plist.xml; path = Info.plist; sourceTree = "<group>"; };
		45CCF4D521059F5B00B63997 /* MasterDetailUITests.xctest */ = {isa = PBXFileReference; explicitFileType = wrapper.cfbundle; includeInIndex = 0; path = MasterDetailUITests.xctest; sourceTree = BUILT_PRODUCTS_DIR; };
		45CCF4D921059F5B00B63997 /* MasterDetailUITests.swift */ = {isa = PBXFileReference; lastKnownFileType = sourcecode.swift; path = MasterDetailUITests.swift; sourceTree = "<group>"; };
		45CCF4DB21059F5B00B63997 /* Info.plist */ = {isa = PBXFileReference; lastKnownFileType = text.plist.xml; path = Info.plist; sourceTree = "<group>"; };
/* End PBXFileReference section */

/* Begin PBXFrameworksBuildPhase section */
		45CCF4B121059F5900B63997 /* Frameworks */ = {
			isa = PBXFrameworksBuildPhase;
			buildActionMask = 2147483647;
			files = (
			);
			runOnlyForDeploymentPostprocessing = 0;
		};
		45CCF4C721059F5A00B63997 /* Frameworks */ = {
			isa = PBXFrameworksBuildPhase;
			buildActionMask = 2147483647;
			files = (
			);
			runOnlyForDeploymentPostprocessing = 0;
		};
		45CCF4D221059F5A00B63997 /* Frameworks */ = {
			isa = PBXFrameworksBuildPhase;
			buildActionMask = 2147483647;
			files = (
			);
			runOnlyForDeploymentPostprocessing = 0;
		};
/* End PBXFrameworksBuildPhase section */

/* Begin PBXGroup section */
		45CCF4AB21059F5900B63997 = {
			isa = PBXGroup;
			children = (
				45CCF4B621059F5900B63997 /* MasterDetail */,
				45CCF4CD21059F5A00B63997 /* MasterDetailTests */,
				45CCF4D821059F5B00B63997 /* MasterDetailUITests */,
				45CCF4B521059F5900B63997 /* Products */,
			);
			sourceTree = "<group>";
		};
		45CCF4B521059F5900B63997 /* Products */ = {
			isa = PBXGroup;
			children = (
				45CCF4B421059F5900B63997 /* MasterDetail.app */,
				45CCF4CA21059F5A00B63997 /* MasterDetailTests.xctest */,
				45CCF4D521059F5B00B63997 /* MasterDetailUITests.xctest */,
			);
			name = Products;
			sourceTree = "<group>";
		};
		45CCF4B621059F5900B63997 /* MasterDetail */ = {
			isa = PBXGroup;
			children = (
				45CCF4B721059F5900B63997 /* AppDelegate.swift */,
				45CCF4B921059F5900B63997 /* MasterViewController.swift */,
				45CCF4BB21059F5900B63997 /* DetailViewController.swift */,
				45CCF4BD21059F5900B63997 /* Main.storyboard */,
				45CCF4C021059F5A00B63997 /* Assets.xcassets */,
				45CCF4C221059F5A00B63997 /* LaunchScreen.storyboard */,
				45CCF4C521059F5A00B63997 /* Info.plist */,
			);
			path = MasterDetail;
			sourceTree = "<group>";
		};
		45CCF4CD21059F5A00B63997 /* MasterDetailTests */ = {
			isa = PBXGroup;
			children = (
				45CCF4CE21059F5A00B63997 /* MasterDetailTests.swift */,
				45CCF4D021059F5A00B63997 /* Info.plist */,
			);
			path = MasterDetailTests;
			sourceTree = "<group>";
		};
		45CCF4D821059F5B00B63997 /* MasterDetailUITests */ = {
			isa = PBXGroup;
			children = (
				45CCF4D921059F5B00B63997 /* MasterDetailUITests.swift */,
				45CCF4DB21059F5B00B63997 /* Info.plist */,
			);
			path = MasterDetailUITests;
			sourceTree = "<group>";
		};
/* End PBXGroup section */

/* Begin PBXNativeTarget section */
		45CCF4B321059F5900B63997 /* MasterDetail */ = {
			isa = PBXNativeTarget;
			buildConfigurationList = 45CCF4DE21059F5B00B63997 /* Build configuration list for PBXNativeTarget "MasterDetail" */;
			buildPhases = (
				45CCF4B021059F5900B63997 /* Sources */,
				45CCF4B121059F5900B63997 /* Frameworks */,
				45CCF4B221059F5900B63997 /* Resources */,
			);
			buildRules = (
			);
			dependencies = (
			);
			name = MasterDetail;
			productName = MasterDetail;
			productReference = 45CCF4B421059F5900B63997 /* MasterDetail.app */;
			productType = "com.apple.product-type.application";
		};
		45CCF4C921059F5A00B63997 /* MasterDetailTests */ = {
			isa = PBXNativeTarget;
			buildConfigurationList = 45CCF4E121059F5B00B63997 /* Build configuration list for PBXNativeTarget "MasterDetailTests" */;
			buildPhases = (
				45CCF4C621059F5A00B63997 /* Sources */,
				45CCF4C721059F5A00B63997 /* Frameworks */,
				45CCF4C821059F5A00B63997 /* Resources */,
			);
			buildRules = (
			);
			dependencies = (
				45CCF4CC21059F5A00B63997 /* PBXTargetDependency */,
			);
			name = MasterDetailTests;
			productName = MasterDetailTests;
			productReference = 45CCF4CA21059F5A00B63997 /* MasterDetailTests.xctest */;
			productType = "com.apple.product-type.bundle.unit-test";
		};
		45CCF4D421059F5A00B63997 /* MasterDetailUITests */ = {
			isa = PBXNativeTarget;
			buildConfigurationList = 45CCF4E421059F5B00B63997 /* Build configuration list for PBXNativeTarget "MasterDetailUITests" */;
			buildPhases = (
				45CCF4D121059F5A00B63997 /* Sources */,
				45CCF4D221059F5A00B63997 /* Frameworks */,
				45CCF4D321059F5A00B63997 /* Resources */,
			);
			buildRules = (
			);
			dependencies = (
				45CCF4D721059F5B00B63997 /* PBXTargetDependency */,
			);
			name = MasterDetailUITests;
			productName = MasterDetailUITests;
			productReference = 45CCF4D521059F5B00B63997 /* MasterDetailUITests.xctest */;
			productType = "com.apple.product-type.bundle.ui-testing";
		};
/* End PBXNativeTarget section */

/* Begin PBXProject section */
		45CCF4AC21059F5900B63997 /* Project object */ = {
			isa = PBXProject;
			attributes = {
				LastSwiftUpdateCheck = 0940;
				LastUpgradeCheck = 0940;
				ORGANIZATIONNAME = east;
				TargetAttributes = {
					45CCF4B321059F5900B63997 = {
						CreatedOnToolsVersion = 9.4.1;
					};
					45CCF4C921059F5A00B63997 = {
						CreatedOnToolsVersion = 9.4.1;
						TestTargetID = 45CCF4B321059F5900B63997;
					};
					45CCF4D421059F5A00B63997 = {
						CreatedOnToolsVersion = 9.4.1;
						TestTargetID = 45CCF4B321059F5900B63997;
					};
				};
			};
			buildConfigurationList = 45CCF4AF21059F5900B63997 /* Build configuration list for PBXProject "MasterDetail" */;
			compatibilityVersion = "Xcode 9.3";
			developmentRegion = en;
			hasScannedForEncodings = 0;
			knownRegions = (
				en,
				Base,
			);
			mainGroup = 45CCF4AB21059F5900B63997;
			productRefGroup = 45CCF4B521059F5900B63997 /* Products */;
			projectDirPath = "";
			projectRoot = "";
			targets = (
				45CCF4B321059F5900B63997 /* MasterDetail */,
				45CCF4C921059F5A00B63997 /* MasterDetailTests */,
				45CCF4D421059F5A00B63997 /* MasterDetailUITests */,
			);
		};
/* End PBXProject section */

/* Begin PBXResourcesBuildPhase section */
		45CCF4B221059F5900B63997 /* Resources */ = {
			isa = PBXResourcesBuildPhase;
			buildActionMask = 2147483647;
			files = (
				45CCF4C421059F5A00B63997 /* LaunchScreen.storyboard in Resources */,
				45CCF4C121059F5A00B63997 /* Assets.xcassets in Resources */,
				45CCF4BF21059F5900B63997 /* Main.storyboard in Resources */,
			);
			runOnlyForDeploymentPostprocessing = 0;
		};
		45CCF4C821059F5A00B63997 /* Resources */ = {
			isa = PBXResourcesBuildPhase;
			buildActionMask = 2147483647;
			files = (
			);
			runOnlyForDeploymentPostprocessing = 0;
		};
		45CCF4D321059F5A00B63997 /* Resources */ = {
			isa = PBXResourcesBuildPhase;
			buildActionMask = 2147483647;
			files = (
			);
			runOnlyForDeploymentPostprocessing = 0;
		};
/* End PBXResourcesBuildPhase section */

/* Begin PBXSourcesBuildPhase section */
		45CCF4B021059F5900B63997 /* Sources */ = {
			isa = PBXSourcesBuildPhase;
			buildActionMask = 2147483647;
			files = (
				45CCF4BC21059F5900B63997 /* DetailViewController.swift in Sources */,
				45CCF4BA21059F5900B63997 /* MasterViewController.swift in Sources */,
				45CCF4B821059F5900B63997 /* AppDelegate.swift in Sources */,
			);
			runOnlyForDeploymentPostprocessing = 0;
		};
		45CCF4C621059F5A00B63997 /* Sources */ = {
			isa = PBXSourcesBuildPhase;
			buildActionMask = 2147483647;
			files = (
				45CCF4CF21059F5A00B63997 /* MasterDetailTests.swift in Sources */,
			);
			runOnlyForDeploymentPostprocessing = 0;
		};
		45CCF4D121059F5A00B63997 /* Sources */ = {
			isa = PBXSourcesBuildPhase;
			buildActionMask = 2147483647;
			files = (
				45CCF4DA21059F5B00B63997 /* MasterDetailUITests.swift in Sources */,
			);
			runOnlyForDeploymentPostprocessing = 0;
		};
/* End PBXSourcesBuildPhase section */

/* Begin PBXTargetDependency section */
		45CCF4CC21059F5A00B63997 /* PBXTargetDependency */ = {
			isa = PBXTargetDependency;
			target = 45CCF4B321059F5900B63997 /* MasterDetail */;
			targetProxy = 45CCF4CB21059F5A00B63997 /* PBXContainerItemProxy */;
		};
		45CCF4D721059F5B00B63997 /* PBXTargetDependency */ = {
			isa = PBXTargetDependency;
			target = 45CCF4B321059F5900B63997 /* MasterDetail */;
			targetProxy = 45CCF4D621059F5B00B63997 /* PBXContainerItemProxy */;
		};
/* End PBXTargetDependency section */

/* Begin PBXVariantGroup section */
		45CCF4BD21059F5900B63997 /* Main.storyboard */ = {
			isa = PBXVariantGroup;
			children = (
				45CCF4BE21059F5900B63997 /* Base */,
			);
			name = Main.storyboard;
			sourceTree = "<group>";
		};
		45CCF4C221059F5A00B63997 /* LaunchScreen.storyboard */ = {
			isa = PBXVariantGroup;
			children = (
				45CCF4C321059F5A00B63997 /* Base */,
			);
			name = LaunchScreen.storyboard;
			sourceTree = "<group>";
		};
/* End PBXVariantGroup section */

/* Begin XCBuildConfiguration section */
		45CCF4DC21059F5B00B63997 /* Debug */ = {
			isa = XCBuildConfiguration;
			buildSettings = {
				ALWAYS_SEARCH_USER_PATHS = NO;
				CLANG_ANALYZER_NONNULL = YES;
				CLANG_ANALYZER_NUMBER_OBJECT_CONVERSION = YES_AGGRESSIVE;
				CLANG_CXX_LANGUAGE_STANDARD = "gnu++14";
				CLANG_CXX_LIBRARY = "libc++";
				CLANG_ENABLE_MODULES = YES;
				CLANG_ENABLE_OBJC_ARC = YES;
				CLANG_ENABLE_OBJC_WEAK = YES;
				CLANG_WARN_BLOCK_CAPTURE_AUTORELEASING = YES;
				CLANG_WARN_BOOL_CONVERSION = YES;
				CLANG_WARN_COMMA = YES;
				CLANG_WARN_CONSTANT_CONVERSION = YES;
				CLANG_WARN_DEPRECATED_OBJC_IMPLEMENTATIONS = YES;
				CLANG_WARN_DIRECT_OBJC_ISA_USAGE = YES_ERROR;
				CLANG_WARN_DOCUMENTATION_COMMENTS = YES;
				CLANG_WARN_EMPTY_BODY = YES;
				CLANG_WARN_ENUM_CONVERSION = YES;
				CLANG_WARN_INFINITE_RECURSION = YES;
				CLANG_WARN_INT_CONVERSION = YES;
				CLANG_WARN_NON_LITERAL_NULL_CONVERSION = YES;
				CLANG_WARN_OBJC_IMPLICIT_RETAIN_SELF = YES;
				CLANG_WARN_OBJC_LITERAL_CONVERSION = YES;
				CLANG_WARN_OBJC_ROOT_CLASS = YES_ERROR;
				CLANG_WARN_RANGE_LOOP_ANALYSIS = YES;
				CLANG_WARN_STRICT_PROTOTYPES = YES;
				CLANG_WARN_SUSPICIOUS_MOVE = YES;
				CLANG_WARN_UNGUARDED_AVAILABILITY = YES_AGGRESSIVE;
				CLANG_WARN_UNREACHABLE_CODE = YES;
				CLANG_WARN__DUPLICATE_METHOD_MATCH = YES;
				CODE_SIGN_IDENTITY = "iPhone Developer";
				COPY_PHASE_STRIP = NO;
				DEBUG_INFORMATION_FORMAT = dwarf;
				ENABLE_STRICT_OBJC_MSGSEND = YES;
				ENABLE_TESTABILITY = YES;
				GCC_C_LANGUAGE_STANDARD = gnu11;
				GCC_DYNAMIC_NO_PIC = NO;
				GCC_NO_COMMON_BLOCKS = YES;
				GCC_OPTIMIZATION_LEVEL = 0;
				GCC_PREPROCESSOR_DEFINITIONS = (
					"DEBUG=1",
					"$(inherited)",
				);
				GCC_WARN_64_TO_32_BIT_CONVERSION = YES;
				GCC_WARN_ABOUT_RETURN_TYPE = YES_ERROR;
				GCC_WARN_UNDECLARED_SELECTOR = YES;
				GCC_WARN_UNINITIALIZED_AUTOS = YES_AGGRESSIVE;
				GCC_WARN_UNUSED_FUNCTION = YES;
				GCC_WARN_UNUSED_VARIABLE = YES;
				IPHONEOS_DEPLOYMENT_TARGET = 11.4;
				MTL_ENABLE_DEBUG_INFO = YES;
				ONLY_ACTIVE_ARCH = YES;
				SDKROOT = iphoneos;
				SWIFT_ACTIVE_COMPILATION_CONDITIONS = DEBUG;
				SWIFT_OPTIMIZATION_LEVEL = "-Onone";
			};
			name = Debug;
		};
		45CCF4DD21059F5B00B63997 /* Release */ = {
			isa = XCBuildConfiguration;
			buildSettings = {
				ALWAYS_SEARCH_USER_PATHS = NO;
				CLANG_ANALYZER_NONNULL = YES;
				CLANG_ANALYZER_NUMBER_OBJECT_CONVERSION = YES_AGGRESSIVE;
				CLANG_CXX_LANGUAGE_STANDARD = "gnu++14";
				CLANG_CXX_LIBRARY = "libc++";
				CLANG_ENABLE_MODULES = YES;
				CLANG_ENABLE_OBJC_ARC = YES;
				CLANG_ENABLE_OBJC_WEAK = YES;
				CLANG_WARN_BLOCK_CAPTURE_AUTORELEASING = YES;
				CLANG_WARN_BOOL_CONVERSION = YES;
				CLANG_WARN_COMMA = YES;
				CLANG_WARN_CONSTANT_CONVERSION = YES;
				CLANG_WARN_DEPRECATED_OBJC_IMPLEMENTATIONS = YES;
				CLANG_WARN_DIRECT_OBJC_ISA_USAGE = YES_ERROR;
				CLANG_WARN_DOCUMENTATION_COMMENTS = YES;
				CLANG_WARN_EMPTY_BODY = YES;
				CLANG_WARN_ENUM_CONVERSION = YES;
				CLANG_WARN_INFINITE_RECURSION = YES;
				CLANG_WARN_INT_CONVERSION = YES;
				CLANG_WARN_NON_LITERAL_NULL_CONVERSION = YES;
				CLANG_WARN_OBJC_IMPLICIT_RETAIN_SELF = YES;
				CLANG_WARN_OBJC_LITERAL_CONVERSION = YES;
				CLANG_WARN_OBJC_ROOT_CLASS = YES_ERROR;
				CLANG_WARN_RANGE_LOOP_ANALYSIS = YES;
				CLANG_WARN_STRICT_PROTOTYPES = YES;
				CLANG_WARN_SUSPICIOUS_MOVE = YES;
				CLANG_WARN_UNGUARDED_AVAILABILITY = YES_AGGRESSIVE;
				CLANG_WARN_UNREACHABLE_CODE = YES;
				CLANG_WARN__DUPLICATE_METHOD_MATCH = YES;
				CODE_SIGN_IDENTITY = "iPhone Developer";
				COPY_PHASE_STRIP = NO;
				DEBUG_INFORMATION_FORMAT = "dwarf-with-dsym";
				ENABLE_NS_ASSERTIONS = NO;
				ENABLE_STRICT_OBJC_MSGSEND = YES;
				GCC_C_LANGUAGE_STANDARD = gnu11;
				GCC_NO_COMMON_BLOCKS = YES;
				GCC_WARN_64_TO_32_BIT_CONVERSION = YES;
				GCC_WARN_ABOUT_RETURN_TYPE = YES_ERROR;
				GCC_WARN_UNDECLARED_SELECTOR = YES;
				GCC_WARN_UNINITIALIZED_AUTOS = YES_AGGRESSIVE;
				GCC_WARN_UNUSED_FUNCTION = YES;
				GCC_WARN_UNUSED_VARIABLE = YES;
				IPHONEOS_DEPLOYMENT_TARGET = 11.4;
				MTL_ENABLE_DEBUG_INFO = NO;
				SDKROOT = iphoneos;
				SWIFT_COMPILATION_MODE = wholemodule;
				SWIFT_OPTIMIZATION_LEVEL = "-O";
				VALIDATE_PRODUCT = YES;
			};
			name = Release;
		};
		45CCF4DF21059F5B00B63997 /* Debug */ = {
			isa = XCBuildConfiguration;
			buildSettings = {
				ASSETCATALOG_COMPILER_APPICON_NAME = AppIcon;
				CODE_SIGN_STYLE = Automatic;
				DEVELOPMENT_TEAM = "";
				INFOPLIST_FILE = MasterDetail/Info.plist;
				LD_RUNPATH_SEARCH_PATHS = (
					"$(inherited)",
					"@executable_path/Frameworks",
				);
				PRODUCT_BUNDLE_IDENTIFIER = com.east.MasterDetail;
				PRODUCT_NAME = "$(TARGET_NAME)";
				SWIFT_VERSION = 4.0;
				TARGETED_DEVICE_FAMILY = "1,2";
			};
			name = Debug;
		};
		45CCF4E021059F5B00B63997 /* Release */ = {
			isa = XCBuildConfiguration;
			buildSettings = {
				ASSETCATALOG_COMPILER_APPICON_NAME = AppIcon;
				CODE_SIGN_STYLE = Automatic;
				DEVELOPMENT_TEAM = "";
				INFOPLIST_FILE = MasterDetail/Info.plist;
				LD_RUNPATH_SEARCH_PATHS = (
					"$(inherited)",
					"@executable_path/Frameworks",
				);
				PRODUCT_BUNDLE_IDENTIFIER = com.east.MasterDetail;
				PRODUCT_NAME = "$(TARGET_NAME)";
				SWIFT_VERSION = 4.0;
				TARGETED_DEVICE_FAMILY = "1,2";
			};
			name = Release;
		};
		45CCF4E221059F5B00B63997 /* Debug */ = {
			isa = XCBuildConfiguration;
			buildSettings = {
				ALWAYS_EMBED_SWIFT_STANDARD_LIBRARIES = YES;
				BUNDLE_LOADER = "$(TEST_HOST)";
				CODE_SIGN_STYLE = Automatic;
				INFOPLIST_FILE = MasterDetailTests/Info.plist;
				LD_RUNPATH_SEARCH_PATHS = (
					"$(inherited)",
					"@executable_path/Frameworks",
					"@loader_path/Frameworks",
				);
				PRODUCT_BUNDLE_IDENTIFIER = com.east.MasterDetailTests;
				PRODUCT_NAME = "$(TARGET_NAME)";
				SWIFT_VERSION = 4.0;
				TARGETED_DEVICE_FAMILY = "1,2";
				TEST_HOST = "$(BUILT_PRODUCTS_DIR)/MasterDetail.app/MasterDetail";
			};
			name = Debug;
		};
		45CCF4E321059F5B00B63997 /* Release */ = {
			isa = XCBuildConfiguration;
			buildSettings = {
				ALWAYS_EMBED_SWIFT_STANDARD_LIBRARIES = YES;
				BUNDLE_LOADER = "$(TEST_HOST)";
				CODE_SIGN_STYLE = Automatic;
				INFOPLIST_FILE = MasterDetailTests/Info.plist;
				LD_RUNPATH_SEARCH_PATHS = (
					"$(inherited)",
					"@executable_path/Frameworks",
					"@loader_path/Frameworks",
				);
				PRODUCT_BUNDLE_IDENTIFIER = com.east.MasterDetailTests;
				PRODUCT_NAME = "$(TARGET_NAME)";
				SWIFT_VERSION = 4.0;
				TARGETED_DEVICE_FAMILY = "1,2";
				TEST_HOST = "$(BUILT_PRODUCTS_DIR)/MasterDetail.app/MasterDetail";
			};
			name = Release;
		};
		45CCF4E521059F5B00B63997 /* Debug */ = {
			isa = XCBuildConfiguration;
			buildSettings = {
				ALWAYS_EMBED_SWIFT_STANDARD_LIBRARIES = YES;
				CODE_SIGN_STYLE = Automatic;
				INFOPLIST_FILE = MasterDetailUITests/Info.plist;
				LD_RUNPATH_SEARCH_PATHS = (
					"$(inherited)",
					"@executable_path/Frameworks",
					"@loader_path/Frameworks",
				);
				PRODUCT_BUNDLE_IDENTIFIER = com.east.MasterDetailUITests;
				PRODUCT_NAME = "$(TARGET_NAME)";
				SWIFT_VERSION = 4.0;
				TARGETED_DEVICE_FAMILY = "1,2";
				TEST_TARGET_NAME = MasterDetail;
			};
			name = Debug;
		};
		45CCF4E621059F5B00B63997 /* Release */ = {
			isa = XCBuildConfiguration;
			buildSettings = {
				ALWAYS_EMBED_SWIFT_STANDARD_LIBRARIES = YES;
				CODE_SIGN_STYLE = Automatic;
				INFOPLIST_FILE = MasterDetailUITests/Info.plist;
				LD_RUNPATH_SEARCH_PATHS = (
					"$(inherited)",
					"@executable_path/Frameworks",
					"@loader_path/Frameworks",
				);
				PRODUCT_BUNDLE_IDENTIFIER = com.east.MasterDetailUITests;
				PRODUCT_NAME = "$(TARGET_NAME)";
				SWIFT_VERSION = 4.0;
				TARGETED_DEVICE_FAMILY = "1,2";
				TEST_TARGET_NAME = MasterDetail;
			};
			name = Release;
		};
/* End XCBuildConfiguration section */

/* Begin XCConfigurationList section */
		45CCF4AF21059F5900B63997 /* Build configuration list for PBXProject "MasterDetail" */ = {
			isa = XCConfigurationList;
			buildConfigurations = (
				45CCF4DC21059F5B00B63997 /* Debug */,
				45CCF4DD21059F5B00B63997 /* Release */,
			);
			defaultConfigurationIsVisible = 0;
			defaultConfigurationName = Release;
		};
		45CCF4DE21059F5B00B63997 /* Build configuration list for PBXNativeTarget "MasterDetail" */ = {
			isa = XCConfigurationList;
			buildConfigurations = (
				45CCF4DF21059F5B00B63997 /* Debug */,
				45CCF4E021059F5B00B63997 /* Release */,
			);
			defaultConfigurationIsVisible = 0;
			defaultConfigurationName = Release;
		};
		45CCF4E121059F5B00B63997 /* Build configuration list for PBXNativeTarget "MasterDetailTests" */ = {
			isa = XCConfigurationList;
			buildConfigurations = (
				45CCF4E221059F5B00B63997 /* Debug */,
				45CCF4E321059F5B00B63997 /* Release */,
			);
			defaultConfigurationIsVisible = 0;
			defaultConfigurationName = Release;
		};
		45CCF4E421059F5B00B63997 /* Build configuration list for PBXNativeTarget "MasterDetailUITests" */ = {
			isa = XCConfigurationList;
			buildConfigurations = (
				45CCF4E521059F5B00B63997 /* Debug */,
				45CCF4E621059F5B00B63997 /* Release */,
			);
			defaultConfigurationIsVisible = 0;
			defaultConfigurationName = Release;
		};
/* End XCConfigurationList section */
	};
	rootObject = 45CCF4AC21059F5900B63997 /* Project object */;
}
